
Microsoft Visual Studio Solution File, Format Version 12.00
# Visual Studio 15
VisualStudioVersion = 15.0.28307.1321
MinimumVisualStudioVersion = 10.0.40219.1
Project("{FAE04EC0-301F-11D3-BF4B-00C04F79EFBC}") = "HMS.WebApi", "DMS.WebApi\HMS.WebApi.csproj", "{88EDDF06-1804-490E-AF12-7848222BBEDC}"
EndProject
Project("{FAE04EC0-301F-11D3-BF4B-00C04F79EFBC}") = "HMS.BAL", "DMS.BAL\HMS.BAL.csproj", "{CEE625B2-FCC9-4DD5-B10E-ECF3DD2704F3}"
EndProject
Project("{FAE04EC0-301F-11D3-BF4B-00C04F79EFBC}") = "HMS.DAL", "HMS.DAL\HMS.DAL.csproj", "{A6E3210F-0BBF-4929-A669-3F5924DADFEA}"
EndProject
Project("{FAE04EC0-301F-11D3-BF4B-00C04F79EFBC}") = "HMS.Models", "HMS.Models\HMS.Models.csproj", "{E07C6446-48D1-4FA1-A660-6427D2B10293}"
EndProject
Global
	GlobalSection(SolutionConfigurationPlatforms) = preSolution
		Debug|Any CPU = Debug|Any CPU
		Release|Any CPU = Release|Any CPU
	EndGlobalSection
	GlobalSection(ProjectConfigurationPlatforms) = postSolution
		{88EDDF06-1804-490E-AF12-7848222BBEDC}.Debug|Any CPU.ActiveCfg = Debug|Any CPU
		{88EDDF06-1804-490E-AF12-7848222BBEDC}.Debug|Any CPU.Build.0 = Debug|Any CPU
		{88EDDF06-1804-490E-AF12-7848222BBEDC}.Release|Any CPU.ActiveCfg = Release|Any CPU
		{88EDDF06-1804-490E-AF12-7848222BBEDC}.Release|Any CPU.Build.0 = Release|Any CPU
		{CEE625B2-FCC9-4DD5-B10E-ECF3DD2704F3}.Debug|Any CPU.ActiveCfg = Debug|Any CPU
		{CEE625B2-FCC9-4DD5-B10E-ECF3DD2704F3}.Debug|Any CPU.Build.0 = Debug|Any CPU
		{CEE625B2-FCC9-4DD5-B10E-ECF3DD2704F3}.Release|Any CPU.ActiveCfg = Release|Any CPU
		{CEE625B2-FCC9-4DD5-B10E-ECF3DD2704F3}.Release|Any CPU.Build.0 = Release|Any CPU
		{A6E3210F-0BBF-4929-A669-3F5924DADFEA}.Debug|Any CPU.ActiveCfg = Debug|Any CPU
		{A6E3210F-0BBF-4929-A669-3F5924DADFEA}.Debug|Any CPU.Build.0 = Debug|Any CPU
		{A6E3210F-0BBF-4929-A669-3F5924DADFEA}.Release|Any CPU.ActiveCfg = Release|Any CPU
		{A6E3210F-0BBF-4929-A669-3F5924DADFEA}.Release|Any CPU.Build.0 = Release|Any CPU
		{E07C6446-48D1-4FA1-A660-6427D2B10293}.Debug|Any CPU.ActiveCfg = Debug|Any CPU
		{E07C6446-48D1-4FA1-A660-6427D2B10293}.Debug|Any CPU.Build.0 = Debug|Any CPU
		{E07C6446-48D1-4FA1-A660-6427D2B10293}.Release|Any CPU.ActiveCfg = Release|Any CPU
		{E07C6446-48D1-4FA1-A660-6427D2B10293}.Release|Any CPU.Build.0 = Release|Any CPU
	EndGlobalSection
	GlobalSection(SolutionProperties) = preSolution
		HideSolutionNode = FALSE
	EndGlobalSection
	GlobalSection(ExtensibilityGlobals) = postSolution
		SolutionGuid = {964C1C65-8005-43D2-ADAC-94B776B15BC1}
	EndGlobalSection
EndGlobal
